// !$*UTF8*$!
{
	archiveVersion = 1;
	classes = {
	};
	objectVersion = 46;
	objects = {

/* Begin PBXBuildFile section */
		26ABD1301C6CE94C007914B3 /* main.m in Sources */ = {isa = PBXBuildFile; fileRef = 26ABD12F1C6CE94C007914B3 /* main.m */; };
		26ABD1331C6CE94C007914B3 /* AppDelegate.m in Sources */ = {isa = PBXBuildFile; fileRef = 26ABD1321C6CE94C007914B3 /* AppDelegate.m */; };
		26ABD1361C6CE94C007914B3 /* ViewController.m in Sources */ = {isa = PBXBuildFile; fileRef = 26ABD1351C6CE94C007914B3 /* ViewController.m */; };
		26ABD1391C6CE94C007914B3 /* Main.storyboard in Resources */ = {isa = PBXBuildFile; fileRef = 26ABD1371C6CE94C007914B3 /* Main.storyboard */; };
		26ABD13B1C6CE94C007914B3 /* Assets.xcassets in Resources */ = {isa = PBXBuildFile; fileRef = 26ABD13A1C6CE94C007914B3 /* Assets.xcassets */; };
		26ABD13E1C6CE94C007914B3 /* LaunchScreen.storyboard in Resources */ = {isa = PBXBuildFile; fileRef = 26ABD13C1C6CE94C007914B3 /* LaunchScreen.storyboard */; };
		26ABD1461C6CE993007914B3 /* DB in Resources */ = {isa = PBXBuildFile; fileRef = 26ABD1451C6CE993007914B3 /* DB */; };
		26ABD1481C6CEB14007914B3 /* AVFoundation.framework in Frameworks */ = {isa = PBXBuildFile; fileRef = 26ABD1471C6CEB14007914B3 /* AVFoundation.framework */; };
		26ABD14A1C6CEB2A007914B3 /* CoreGraphics.framework in Frameworks */ = {isa = PBXBuildFile; fileRef = 26ABD1491C6CEB2A007914B3 /* CoreGraphics.framework */; };
		26ABD14C1C6CEBEE007914B3 /* xx.mp4 in Resources */ = {isa = PBXBuildFile; fileRef = 26ABD14B1C6CEBEE007914B3 /* xx.mp4 */; };
		DB5950671C7304E800C9818D /* bruno.mov in Resources */ = {isa = PBXBuildFile; fileRef = DB5950661C7304E700C9818D /* bruno.mov */; };
/* End PBXBuildFile section */

/* Begin PBXFileReference section */
		26ABD12B1C6CE94C007914B3 /* sexShop.app */ = {isa = PBXFileReference; explicitFileType = wrapper.application; includeInIndex = 0; path = sexShop.app; sourceTree = BUILT_PRODUCTS_DIR; };
		26ABD12F1C6CE94C007914B3 /* main.m */ = {isa = PBXFileReference; lastKnownFileType = sourcecode.c.objc; path = main.m; sourceTree = "<group>"; };
		26ABD1311C6CE94C007914B3 /* AppDelegate.h */ = {isa = PBXFileReference; lastKnownFileType = sourcecode.c.h; path = AppDelegate.h; sourceTree = "<group>"; };
		26ABD1321C6CE94C007914B3 /* AppDelegate.m */ = {isa = PBXFileReference; lastKnownFileType = sourcecode.c.objc; path = AppDelegate.m; sourceTree = "<group>"; };
		26ABD1341C6CE94C007914B3 /* ViewController.h */ = {isa = PBXFileReference; lastKnownFileType = sourcecode.c.h; path = ViewController.h; sourceTree = "<group>"; };
		26ABD1351C6CE94C007914B3 /* ViewController.m */ = {isa = PBXFileReference; lastKnownFileType = sourcecode.c.objc; path = ViewController.m; sourceTree = "<group>"; };
		26ABD1381C6CE94C007914B3 /* Base */ = {isa = PBXFileReference; lastKnownFileType = file.storyboard; name = Base; path = Base.lproj/Main.storyboard; sourceTree = "<group>"; };
		26ABD13A1C6CE94C007914B3 /* Assets.xcassets */ = {isa = PBXFileReference; lastKnownFileType = folder.assetcatalog; path = Assets.xcassets; sourceTree = "<group>"; };
		26ABD13D1C6CE94C007914B3 /* Base */ = {isa = PBXFileReference; lastKnownFileType = file.storyboard; name = Base; path = Base.lproj/LaunchScreen.storyboard; sourceTree = "<group>"; };
		26ABD13F1C6CE94C007914B3 /* Info.plist */ = {isa = PBXFileReference; lastKnownFileType = text.plist.xml; path = Info.plist; sourceTree = "<group>"; };
		26ABD1451C6CE993007914B3 /* DB */ = {isa = PBXFileReference; lastKnownFileType = file; path = DB; sourceTree = "<group>"; };
		26ABD1471C6CEB14007914B3 /* AVFoundation.framework */ = {isa = PBXFileReference; lastKnownFileType = wrapper.framework; name = AVFoundation.framework; path = System/Library/Frameworks/AVFoundation.framework; sourceTree = SDKROOT; };
		26ABD1491C6CEB2A007914B3 /* CoreGraphics.framework */ = {isa = PBXFileReference; lastKnownFileType = wrapper.framework; name = CoreGraphics.framework; path = System/Library/Frameworks/CoreGraphics.framework; sourceTree = SDKROOT; };
		26ABD14B1C6CEBEE007914B3 /* xx.mp4 */ = {isa = PBXFileReference; lastKnownFileType = file; path = xx.mp4; sourceTree = "<group>"; };
		DB5950661C7304E700C9818D /* bruno.mov */ = {isa = PBXFileReference; lastKnownFileType = video.quicktime; path = bruno.mov; sourceTree = "<group>"; };
/* End PBXFileReference section */

/* Begin PBXFrameworksBuildPhase section */
		26ABD1281C6CE94C007914B3 /* Frameworks */ = {
			isa = PBXFrameworksBuildPhase;
			buildActionMask = 2147483647;
			files = (
				26ABD14A1C6CEB2A007914B3 /* CoreGraphics.framework in Frameworks */,
				26ABD1481C6CEB14007914B3 /* AVFoundation.framework in Frameworks */,
			);
			runOnlyForDeploymentPostprocessing = 0;
		};
/* End PBXFrameworksBuildPhase section */

/* Begin PBXGroup section */
		26ABD1221C6CE94C007914B3 = {
			isa = PBXGroup;
			children = (
				26ABD1491C6CEB2A007914B3 /* CoreGraphics.framework */,
				26ABD1471C6CEB14007914B3 /* AVFoundation.framework */,
				26ABD12D1C6CE94C007914B3 /* sexShop */,
				26ABD12C1C6CE94C007914B3 /* Products */,
			);
			sourceTree = "<group>";
		};
		26ABD12C1C6CE94C007914B3 /* Products */ = {
			isa = PBXGroup;
			children = (
				26ABD12B1C6CE94C007914B3 /* sexShop.app */,
			);
			name = Products;
			sourceTree = "<group>";
		};
		26ABD12D1C6CE94C007914B3 /* sexShop */ = {
			isa = PBXGroup;
			children = (
				DB5950661C7304E700C9818D /* bruno.mov */,
				26ABD14B1C6CEBEE007914B3 /* xx.mp4 */,
				26ABD1451C6CE993007914B3 /* DB */,
				26ABD1311C6CE94C007914B3 /* AppDelegate.h */,
				26ABD1321C6CE94C007914B3 /* AppDelegate.m */,
				26ABD1341C6CE94C007914B3 /* ViewController.h */,
				26ABD1351C6CE94C007914B3 /* ViewController.m */,
				26ABD1371C6CE94C007914B3 /* Main.storyboard */,
				26ABD13A1C6CE94C007914B3 /* Assets.xcassets */,
				26ABD13C1C6CE94C007914B3 /* LaunchScreen.storyboard */,
				26ABD13F1C6CE94C007914B3 /* Info.plist */,
				26ABD12E1C6CE94C007914B3 /* Supporting Files */,
			);
			path = sexShop;
			sourceTree = "<group>";
		};
		26ABD12E1C6CE94C007914B3 /* Supporting Files */ = {
			isa = PBXGroup;
			children = (
				26ABD12F1C6CE94C007914B3 /* main.m */,
			);
			name = "Supporting Files";
			sourceTree = "<group>";
		};
/* End PBXGroup section */

/* Begin PBXNativeTarget section */
		26ABD12A1C6CE94C007914B3 /* sexShop */ = {
			isa = PBXNativeTarget;
			buildConfigurationList = 26ABD1421C6CE94C007914B3 /* Build configuration list for PBXNativeTarget "sexShop" */;
			buildPhases = (
				26ABD1271C6CE94C007914B3 /* Sources */,
				26ABD1281C6CE94C007914B3 /* Frameworks */,
				26ABD1291C6CE94C007914B3 /* Resources */,
			);
			buildRules = (
			);
			dependencies = (
			);
			name = sexShop;
			productName = sexShop;
			productReference = 26ABD12B1C6CE94C007914B3 /* sexShop.app */;
			productType = "com.apple.product-type.application";
		};
/* End PBXNativeTarget section */

/* Begin PBXProject section */
		26ABD1231C6CE94C007914B3 /* Project object */ = {
			isa = PBXProject;
			attributes = {
				LastUpgradeCheck = 0720;
				ORGANIZATIONNAME = Corruptus;
				TargetAttributes = {
					26ABD12A1C6CE94C007914B3 = {
						CreatedOnToolsVersion = 7.2;
						DevelopmentTeam = 243TSPCD92;
					};
				};
			};
			buildConfigurationList = 26ABD1261C6CE94C007914B3 /* Build configuration list for PBXProject "sexShop" */;
			compatibilityVersion = "Xcode 3.2";
			developmentRegion = English;
			hasScannedForEncodings = 0;
			knownRegions = (
				en,
				Base,
			);
			mainGroup = 26ABD1221C6CE94C007914B3;
			productRefGroup = 26ABD12C1C6CE94C007914B3 /* Products */;
			projectDirPath = "";
			projectRoot = "";
			targets = (
				26ABD12A1C6CE94C007914B3 /* sexShop */,
			);
		};
/* End PBXProject section */

/* Begin PBXResourcesBuildPhase section */
		26ABD1291C6CE94C007914B3 /* Resources */ = {
			isa = PBXResourcesBuildPhase;
			buildActionMask = 2147483647;
			files = (
				26ABD14C1C6CEBEE007914B3 /* xx.mp4 in Resources */,
				26ABD1461C6CE993007914B3 /* DB in Resources */,
				26ABD13E1C6CE94C007914B3 /* LaunchScreen.storyboard in Resources */,
				26ABD13B1C6CE94C007914B3 /* Assets.xcassets in Resources */,
				26ABD1391C6CE94C007914B3 /* Main.storyboard in Resources */,
				DB5950671C7304E800C9818D /* bruno.mov in Resources */,
			);
			runOnlyForDeploymentPostprocessing = 0;
		};
/* End PBXResourcesBuildPhase section */

/* Begin PBXSourcesBuildPhase section */
		26ABD1271C6CE94C007914B3 /* Sources */ = {
			isa = PBXSourcesBuildPhase;
			buildActionMask = 2147483647;
			files = (
				26ABD1361C6CE94C007914B3 /* ViewController.m in Sources */,
				26ABD1331C6CE94C007914B3 /* AppDelegate.m in Sources */,
				26ABD1301C6CE94C007914B3 /* main.m in Sources */,
			);
			runOnlyForDeploymentPostprocessing = 0;
		};
/* End PBXSourcesBuildPhase section */

/* Begin PBXVariantGroup section */
		26ABD1371C6CE94C007914B3 /* Main.storyboard */ = {
			isa = PBXVariantGroup;
			children = (
				26ABD1381C6CE94C007914B3 /* Base */,
			);
			name = Main.storyboard;
			sourceTree = "<group>";
		};
		26ABD13C1C6CE94C007914B3 /* LaunchScreen.storyboard */ = {
			isa = PBXVariantGroup;
			children = (
				26ABD13D1C6CE94C007914B3 /* Base */,
			);
			name = LaunchScreen.storyboard;
			sourceTree = "<group>";
		};
/* End PBXVariantGroup section */

/* Begin XCBuildConfiguration section */
		26ABD1401C6CE94C007914B3 /* Debug */ = {
			isa = XCBuildConfiguration;
			buildSettings = {
				ALWAYS_SEARCH_USER_PATHS = NO;
				CLANG_CXX_LANGUAGE_STANDARD = "gnu++0x";
				CLANG_CXX_LIBRARY = "libc++";
				CLANG_ENABLE_MODULES = YES;
				CLANG_ENABLE_OBJC_ARC = YES;
				CLANG_WARN_BOOL_CONVERSION = YES;
				CLANG_WARN_CONSTANT_CONVERSION = YES;
				CLANG_WARN_DIRECT_OBJC_ISA_USAGE = YES_ERROR;
				CLANG_WARN_EMPTY_BODY = YES;
				CLANG_WARN_ENUM_CONVERSION = YES;
				CLANG_WARN_INT_CONVERSION = YES;
				CLANG_WARN_OBJC_ROOT_CLASS = YES_ERROR;
				CLANG_WARN_UNREACHABLE_CODE = YES;
				CLANG_WARN__DUPLICATE_METHOD_MATCH = YES;
				"CODE_SIGN_IDENTITY[sdk=iphoneos*]" = "iPhone Developer";
				COPY_PHASE_STRIP = NO;
				DEBUG_INFORMATION_FORMAT = dwarf;
				ENABLE_STRICT_OBJC_MSGSEND = YES;
				ENABLE_TESTABILITY = YES;
				GCC_C_LANGUAGE_STANDARD = gnu99;
				GCC_DYNAMIC_NO_PIC = NO;
				GCC_NO_COMMON_BLOCKS = YES;
				GCC_OPTIMIZATION_LEVEL = 0;
				GCC_PREPROCESSOR_DEFINITIONS = (
					"DEBUG=1",
					"$(inherited)",
				);
				GCC_WARN_64_TO_32_BIT_CONVERSION = YES;
				GCC_WARN_ABOUT_RETURN_TYPE = YES_ERROR;
				GCC_WARN_UNDECLARED_SELECTOR = YES;
				GCC_WARN_UNINITIALIZED_AUTOS = YES_AGGRESSIVE;
				GCC_WARN_UNUSED_FUNCTION = YES;
				GCC_WARN_UNUSED_VARIABLE = YES;
				IPHONEOS_DEPLOYMENT_TARGET = 9.2;
				MTL_ENABLE_DEBUG_INFO = YES;
				ONLY_ACTIVE_ARCH = YES;
				SDKROOT = iphoneos;
			};
			name = Debug;
		};
		26ABD1411C6CE94C007914B3 /* Release */ = {
			isa = XCBuildConfiguration;
			buildSettings = {
				ALWAYS_SEARCH_USER_PATHS = NO;
				CLANG_CXX_LANGUAGE_STANDARD = "gnu++0x";
				CLANG_CXX_LIBRARY = "libc++";
				CLANG_ENABLE_MODULES = YES;
				CLANG_ENABLE_OBJC_ARC = YES;
				CLANG_WARN_BOOL_CONVERSION = YES;
				CLANG_WARN_CONSTANT_CONVERSION = YES;
				CLANG_WARN_DIRECT_OBJC_ISA_USAGE = YES_ERROR;
				CLANG_WARN_EMPTY_BODY = YES;
				CLANG_WARN_ENUM_CONVERSION = YES;
				CLANG_WARN_INT_CONVERSION = YES;
				CLANG_WARN_OBJC_ROOT_CLASS = YES_ERROR;
				CLANG_WARN_UNREACHABLE_CODE = YES;
				CLANG_WARN__DUPLICATE_METHOD_MATCH = YES;
				"CODE_SIGN_IDENTITY[sdk=iphoneos*]" = "iPhone Developer";
				COPY_PHASE_STRIP = NO;
				DEBUG_INFORMATION_FORMAT = "dwarf-with-dsym";
				ENABLE_NS_ASSERTIONS = NO;
				ENABLE_STRICT_OBJC_MSGSEND = YES;
				GCC_C_LANGUAGE_STANDARD = gnu99;
				GCC_NO_COMMON_BLOCKS = YES;
				GCC_WARN_64_TO_32_BIT_CONVERSION = YES;
				GCC_WARN_ABOUT_RETURN_TYPE = YES_ERROR;
				GCC_WARN_UNDECLARED_SELECTOR = YES;
				GCC_WARN_UNINITIALIZED_AUTOS = YES_AGGRESSIVE;
				GCC_WARN_UNUSED_FUNCTION = YES;
				GCC_WARN_UNUSED_VARIABLE = YES;
				IPHONEOS_DEPLOYMENT_TARGET = 9.2;
				MTL_ENABLE_DEBUG_INFO = NO;
				SDKROOT = iphoneos;
				VALIDATE_PRODUCT = YES;
			};
			name = Release;
		};
		26ABD1431C6CE94C007914B3 /* Debug */ = {
			isa = XCBuildConfiguration;
			buildSettings = {
				ASSETCATALOG_COMPILER_APPICON_NAME = AppIcon;
				CODE_SIGN_IDENTITY = "iPhone Developer";
				"CODE_SIGN_IDENTITY[sdk=iphoneos*]" = "iPhone Developer";
				INFOPLIST_FILE = sexShop/Info.plist;
				IPHONEOS_DEPLOYMENT_TARGET = 9.0;
				LD_RUNPATH_SEARCH_PATHS = "$(inherited) @executable_path/Frameworks";
				PRODUCT_BUNDLE_IDENTIFIER = mx.udg.cucei.cuceimobile.sexShop;
				PRODUCT_NAME = "$(TARGET_NAME)";
				PROVISIONING_PROFILE = "";
			};
			name = Debug;
		};
		26ABD1441C6CE94C007914B3 /* Release */ = {
			isa = XCBuildConfiguration;
			buildSettings = {
				ASSETCATALOG_COMPILER_APPICON_NAME = AppIcon;
				CODE_SIGN_IDENTITY = "iPhone Developer";
				"CODE_SIGN_IDENTITY[sdk=iphoneos*]" = "iPhone Developer";
				INFOPLIST_FILE = sexShop/Info.plist;
				IPHONEOS_DEPLOYMENT_TARGET = 9.0;
				LD_RUNPATH_SEARCH_PATHS = "$(inherited) @executable_path/Frameworks";
				PRODUCT_BUNDLE_IDENTIFIER = mx.udg.cucei.cuceimobile.sexShop;
				PRODUCT_NAME = "$(TARGET_NAME)";
				PROVISIONING_PROFILE = "";
			};
			name = Release;
		};
/* End XCBuildConfiguration section */

/* Begin XCConfigurationList section */
		26ABD1261C6CE94C007914B3 /* Build configuration list for PBXProject "sexShop" */ = {
			isa = XCConfigurationList;
			buildConfigurations = (
				26ABD1401C6CE94C007914B3 /* Debug */,
				26ABD1411C6CE94C007914B3 /* Release */,
			);
			defaultConfigurationIsVisible = 0;
			defaultConfigurationName = Release;
		};
		26ABD1421C6CE94C007914B3 /* Build configuration list for PBXNativeTarget "sexShop" */ = {
			isa = XCConfigurationList;
			buildConfigurations = (
				26ABD1431C6CE94C007914B3 /* Debug */,
				26ABD1441C6CE94C007914B3 /* Release */,
			);
			defaultConfigurationIsVisible = 0;
			defaultConfigurationName = Release;
		};
/* End XCConfigurationList section */
	};
	rootObject = 26ABD1231C6CE94C007914B3 /* Project object */;
}
